
Microsoft Visual Studio Solution File, Format Version 12.00
# Visual Studio Version 17
VisualStudioVersion = 17.5.33530.505
MinimumVisualStudioVersion = 10.0.40219.1
Project("{FAE04EC0-301F-11D3-BF4B-00C04F79EFBC}") = "JSLite", "JSLite\JSLite.csproj", "{241BFE04-D548-41A0-BDC1-D5AC62EAE720}"
EndProject
Global
	GlobalSection(SolutionConfigurationPlatforms) = preSolution
		Debug|Any CPU = Debug|Any CPU
		Release|Any CPU = Release|Any CPU
	EndGlobalSection
	GlobalSection(ProjectConfigurationPlatforms) = postSolution
		{241BFE04-D548-41A0-BDC1-D5AC62EAE720}.Debug|Any CPU.ActiveCfg = Debug|Any CPU
		{241BFE04-D548-41A0-BDC1-D5AC62EAE720}.Debug|Any CPU.Build.0 = Debug|Any CPU
		{241BFE04-D548-41A0-BDC1-D5AC62EAE720}.Release|Any CPU.ActiveCfg = Release|Any CPU
		{241BFE04-D548-41A0-BDC1-D5AC62EAE720}.Release|Any CPU.Build.0 = Release|Any CPU
	EndGlobalSection
	GlobalSection(SolutionProperties) = preSolution
		HideSolutionNode = FALSE
	EndGlobalSection
	GlobalSection(ExtensibilityGlobals) = postSolution
		SolutionGuid = {DD7F1370-4938-47D6-A840-65BA0011B7A9}
	EndGlobalSection
EndGlobal
